
Microsoft Visual Studio Solution File, Format Version 12.00
# Visual Studio Version 17
VisualStudioVersion = 17.12.35707.178
MinimumVisualStudioVersion = 10.0.40219.1
Project("{FAE04EC0-301F-11D3-BF4B-00C04F79EFBC}") = "Test.UI.Console", "Test.UI.Console\Test.UI.Console.csproj", "{097EA22B-E1D0-442D-A677-5E6731104A4F}"
EndProject
Project("{FAE04EC0-301F-11D3-BF4B-00C04F79EFBC}") = "T.Core.Domaine", "T.Core.Domaine\T.Core.Domaine.csproj", "{37A76BFE-93FC-452B-B8B7-1F7ADC01C69B}"
EndProject
Project("{FAE04EC0-301F-11D3-BF4B-00C04F79EFBC}") = "T.Data", "T.Data\T.Data.csproj", "{C065D6EE-6573-4345-B1BE-5C7379B087CF}"
EndProject
Project("{FAE04EC0-301F-11D3-BF4B-00C04F79EFBC}") = "T.Core.Services", "T.Core.Services\T.Core.Services.csproj", "{26495E98-69FB-4A62-B282-875647F19EE8}"
EndProject
Project("{FAE04EC0-301F-11D3-BF4B-00C04F79EFBC}") = "T.Core.Interfaces", "T.Core.Interfaces\T.Core.Interfaces.csproj", "{B4A9A2EC-95D0-458C-B91D-9F1B1A98A835}"
EndProject
Project("{FAE04EC0-301F-11D3-BF4B-00C04F79EFBC}") = "T.UI.WEB", "T.UI.WEB\T.UI.WEB.csproj", "{F580500E-933F-48D3-ADFA-2B16FF780FB3}"
EndProject
Global
	GlobalSection(SolutionConfigurationPlatforms) = preSolution
		Debug|Any CPU = Debug|Any CPU
		Release|Any CPU = Release|Any CPU
	EndGlobalSection
	GlobalSection(ProjectConfigurationPlatforms) = postSolution
		{097EA22B-E1D0-442D-A677-5E6731104A4F}.Debug|Any CPU.ActiveCfg = Debug|Any CPU
		{097EA22B-E1D0-442D-A677-5E6731104A4F}.Debug|Any CPU.Build.0 = Debug|Any CPU
		{097EA22B-E1D0-442D-A677-5E6731104A4F}.Release|Any CPU.ActiveCfg = Release|Any CPU
		{097EA22B-E1D0-442D-A677-5E6731104A4F}.Release|Any CPU.Build.0 = Release|Any CPU
		{37A76BFE-93FC-452B-B8B7-1F7ADC01C69B}.Debug|Any CPU.ActiveCfg = Debug|Any CPU
		{37A76BFE-93FC-452B-B8B7-1F7ADC01C69B}.Debug|Any CPU.Build.0 = Debug|Any CPU
		{37A76BFE-93FC-452B-B8B7-1F7ADC01C69B}.Release|Any CPU.ActiveCfg = Release|Any CPU
		{37A76BFE-93FC-452B-B8B7-1F7ADC01C69B}.Release|Any CPU.Build.0 = Release|Any CPU
		{C065D6EE-6573-4345-B1BE-5C7379B087CF}.Debug|Any CPU.ActiveCfg = Debug|Any CPU
		{C065D6EE-6573-4345-B1BE-5C7379B087CF}.Debug|Any CPU.Build.0 = Debug|Any CPU
		{C065D6EE-6573-4345-B1BE-5C7379B087CF}.Release|Any CPU.ActiveCfg = Release|Any CPU
		{C065D6EE-6573-4345-B1BE-5C7379B087CF}.Release|Any CPU.Build.0 = Release|Any CPU
		{26495E98-69FB-4A62-B282-875647F19EE8}.Debug|Any CPU.ActiveCfg = Debug|Any CPU
		{26495E98-69FB-4A62-B282-875647F19EE8}.Debug|Any CPU.Build.0 = Debug|Any CPU
		{26495E98-69FB-4A62-B282-875647F19EE8}.Release|Any CPU.ActiveCfg = Release|Any CPU
		{26495E98-69FB-4A62-B282-875647F19EE8}.Release|Any CPU.Build.0 = Release|Any CPU
		{B4A9A2EC-95D0-458C-B91D-9F1B1A98A835}.Debug|Any CPU.ActiveCfg = Debug|Any CPU
		{B4A9A2EC-95D0-458C-B91D-9F1B1A98A835}.Debug|Any CPU.Build.0 = Debug|Any CPU
		{B4A9A2EC-95D0-458C-B91D-9F1B1A98A835}.Release|Any CPU.ActiveCfg = Release|Any CPU
		{B4A9A2EC-95D0-458C-B91D-9F1B1A98A835}.Release|Any CPU.Build.0 = Release|Any CPU
		{F580500E-933F-48D3-ADFA-2B16FF780FB3}.Debug|Any CPU.ActiveCfg = Debug|Any CPU
		{F580500E-933F-48D3-ADFA-2B16FF780FB3}.Debug|Any CPU.Build.0 = Debug|Any CPU
		{F580500E-933F-48D3-ADFA-2B16FF780FB3}.Release|Any CPU.ActiveCfg = Release|Any CPU
		{F580500E-933F-48D3-ADFA-2B16FF780FB3}.Release|Any CPU.Build.0 = Release|Any CPU
	EndGlobalSection
	GlobalSection(SolutionProperties) = preSolution
		HideSolutionNode = FALSE
	EndGlobalSection
EndGlobal
